
Microsoft Visual Studio Solution File, Format Version 12.00
# Visual Studio Version 16
VisualStudioVersion = 16.0.30503.244
MinimumVisualStudioVersion = 10.0.40219.1
Project("{8BC9CEB8-8B4A-11D0-8D11-00A0C91BC942}") = "Megadrive Vector Table Reader", "Megadrive Vector Table Reader\Megadrive Vector Table Reader.vcxproj", "{9DB8B6F3-1BAF-4F41-9C24-C5929D355BED}"
EndProject
Global
	GlobalSection(SolutionConfigurationPlatforms) = preSolution
		Debug|x64 = Debug|x64
		Debug|x86 = Debug|x86
		Release|x64 = Release|x64
		Release|x86 = Release|x86
	EndGlobalSection
	GlobalSection(ProjectConfigurationPlatforms) = postSolution
		{9DB8B6F3-1BAF-4F41-9C24-C5929D355BED}.Debug|x64.ActiveCfg = Debug|x64
		{9DB8B6F3-1BAF-4F41-9C24-C5929D355BED}.Debug|x64.Build.0 = Debug|x64
		{9DB8B6F3-1BAF-4F41-9C24-C5929D355BED}.Debug|x86.ActiveCfg = Debug|Win32
		{9DB8B6F3-1BAF-4F41-9C24-C5929D355BED}.Debug|x86.Build.0 = Debug|Win32
		{9DB8B6F3-1BAF-4F41-9C24-C5929D355BED}.Release|x64.ActiveCfg = Release|x64
		{9DB8B6F3-1BAF-4F41-9C24-C5929D355BED}.Release|x64.Build.0 = Release|x64
		{9DB8B6F3-1BAF-4F41-9C24-C5929D355BED}.Release|x86.ActiveCfg = Release|Win32
		{9DB8B6F3-1BAF-4F41-9C24-C5929D355BED}.Release|x86.Build.0 = Release|Win32
	EndGlobalSection
	GlobalSection(SolutionProperties) = preSolution
		HideSolutionNode = FALSE
	EndGlobalSection
	GlobalSection(ExtensibilityGlobals) = postSolution
		SolutionGuid = {70FACA45-9360-4AAA-B218-37AA9BAF1FD3}
	EndGlobalSection
EndGlobal
